
Microsoft Visual Studio Solution File, Format Version 12.00
# Visual Studio Version 16
VisualStudioVersion = 25.0.1706.12
MinimumVisualStudioVersion = 10.0.40219.1
Project("{FAE04EC0-301F-11D3-BF4B-00C04F79EFBC}") = "LibraryManagementSystem", "LibraryManagementSystem\LibraryManagementSystem.csproj", "{3E155673-AF47-4A2D-B525-AA232A25E2C3}"
EndProject
Project("{2150E333-8FDC-42A3-9474-1A3956D46DE8}") = "Solution Items", "Solution Items", "{2089B1ED-7C94-4FD4-8428-5CE59DCEC307}"
	ProjectSection(SolutionItems) = preProject
		Startup.cs = Startup.cs
	EndProjectSection
EndProject
Project("{FAE04EC0-301F-11D3-BF4B-00C04F79EFBC}") = "LibraryManagementTests", "LibraryManagementTests\LibraryManagementTests.csproj", "{F44791CF-9525-438C-8BDE-70AB760F429C}"
EndProject
Global
	GlobalSection(SolutionConfigurationPlatforms) = preSolution
		Debug|Any CPU = Debug|Any CPU
		Release|Any CPU = Release|Any CPU
	EndGlobalSection
	GlobalSection(ProjectConfigurationPlatforms) = postSolution
		{3E155673-AF47-4A2D-B525-AA232A25E2C3}.Debug|Any CPU.ActiveCfg = Debug|Any CPU
		{3E155673-AF47-4A2D-B525-AA232A25E2C3}.Debug|Any CPU.Build.0 = Debug|Any CPU
		{3E155673-AF47-4A2D-B525-AA232A25E2C3}.Release|Any CPU.ActiveCfg = Release|Any CPU
		{3E155673-AF47-4A2D-B525-AA232A25E2C3}.Release|Any CPU.Build.0 = Release|Any CPU
		{F44791CF-9525-438C-8BDE-70AB760F429C}.Debug|Any CPU.ActiveCfg = Debug|Any CPU
		{F44791CF-9525-438C-8BDE-70AB760F429C}.Debug|Any CPU.Build.0 = Debug|Any CPU
		{F44791CF-9525-438C-8BDE-70AB760F429C}.Release|Any CPU.ActiveCfg = Release|Any CPU
		{F44791CF-9525-438C-8BDE-70AB760F429C}.Release|Any CPU.Build.0 = Release|Any CPU
	EndGlobalSection
	GlobalSection(SolutionProperties) = preSolution
		HideSolutionNode = FALSE
	EndGlobalSection
	GlobalSection(ExtensibilityGlobals) = postSolution
		SolutionGuid = {81CB4650-3BB8-423F-961B-883243364F9A}
	EndGlobalSection
EndGlobal
